# THIS IS AN AUTOGENERATED FILE. DO NOT EDIT THIS FILE DIRECTLY.
# yarn lockfile v1


"@axe-core/playwright@^4.11.2":
  version "4.11.2"
  resolved "https://registry.yarnpkg.com/@axe-core/playwright/-/playwright-4.11.2.tgz#d2d8f7ac056ecd50b56040d3651dc508f609bd7c"
  integrity sha512-iP6hfNl9G0j/SEUSo8M7D80RbcDo9KRAAfDP4IT5OHB+Wm6zUHIrm8Y51BKI+Oyqduvipf9u1hcRy57zCBKzWQ==
  dependencies:
    axe-core "~4.11.3"

"@faker-js/faker@^10.4.0":
  version "10.4.0"
  resolved "https://registry.yarnpkg.com/@faker-js/faker/-/faker-10.4.0.tgz#2dc84d1bc32a2eef3c4658985ca7692a0c5c51b3"
  integrity sha512-sDBWI3yLy8EcDzgobvJTWq1MJYzAkQdpjXuPukga9wXonhpMRvd1Izuo2Qgwey2OiEoRIBr35RMU9HJRoOHzpw==

"@playwright/test@^1.59.1":
  version "1.59.1"
  resolved "https://registry.yarnpkg.com/@playwright/test/-/test-1.59.1.tgz#5c4d38eac84a61527af466602ae20277685a02d6"
  integrity sha512-PG6q63nQg5c9rIi4/Z5lR5IVF7yU5MqmKaPOe0HSc0O2cX1fPi96sUQu5j7eo4gKCkB2AnNGoWt7y4/Xx3Kcqg==
  dependencies:
    playwright "1.59.1"

"@types/node@^25.6.0":
  version "25.6.0"
  resolved "https://registry.yarnpkg.com/@types/node/-/node-25.6.0.tgz#4e09bad9b469871f2d0f68140198cbd714f4edca"
  integrity sha512-+qIYRKdNYJwY3vRCZMdJbPLJAtGjQBudzZzdzwQYkEPQd+PJGixUL5QfvCLDaULoLv+RhT3LDkwEfKaAkgSmNQ==
  dependencies:
    undici-types "~7.19.0"

allure-js-commons@3.7.1, allure-js-commons@^3.7.1:
  version "3.7.1"
  resolved "https://registry.yarnpkg.com/allure-js-commons/-/allure-js-commons-3.7.1.tgz#9462af1b90f7fcca149d3477394acf5c05b1ac4c"
  integrity sha512-S8tFymEzgWpp3ITGFu01z2+6KYdiNZC3sX8FbJaNgLoLWBHDBNQ0lq4lTQgkVjV6IN4TIUrnYfa2YuytWpv8WA==
  dependencies:
    md5 "^2.3.0"

allure-playwright@^3.7.1:
  version "3.7.1"
  resolved "https://registry.yarnpkg.com/allure-playwright/-/allure-playwright-3.7.1.tgz#4e1f669e5c51724d647aa369845bff27baf6c26b"
  integrity sha512-uEuVz/VJWWEWvMV9iwsxSXJ3Y1RejNG8CUM13HyvMiQDfLI8xHCx7JWNSfGrBVIWVfo6+jsySpZ4Clu1EKXgYw==
  dependencies:
    allure-js-commons "3.7.1"

axe-core@~4.11.3:
  version "4.11.3"
  resolved "https://registry.yarnpkg.com/axe-core/-/axe-core-4.11.3.tgz#d23cf404edaa5f97bdfd9afed6eea8405e5326e7"
  integrity sha512-zBQouZixDTbo3jMGqHKyePxYxr1e5W8UdTmBQ7sNtaA9M2bE32daxxPLS/jojhKOHxQ7LWwPjfiwf/fhaJWzlg==

axe-html-reporter@^2.2.11:
  version "2.2.11"
  resolved "https://registry.yarnpkg.com/axe-html-reporter/-/axe-html-reporter-2.2.11.tgz#749a4d5836f6aebb6780049933c2f6030e06c7d0"
  integrity sha512-WlF+xlNVgNVWiM6IdVrsh+N0Cw7qupe5HT9N6Uyi+aN7f6SSi92RDomiP1noW8OWIV85V6x404m5oKMeqRV3tQ==
  dependencies:
    mustache "^4.0.1"

charenc@0.0.2:
  version "0.0.2"
  resolved "https://registry.yarnpkg.com/charenc/-/charenc-0.0.2.tgz#c0a1d2f3a7092e03774bfa83f14c0fc5790a8667"
  integrity sha512-yrLQ/yVUFXkzg7EDQsPieE/53+0RlaWTs+wBrvW36cyilJ2SaDWfl4Yj7MtLTXleV9uEKefbAGUPv2/iWSooRA==

crypt@0.0.2:
  version "0.0.2"
  resolved "https://registry.yarnpkg.com/crypt/-/crypt-0.0.2.tgz#88d7ff7ec0dfb86f713dc87bbb42d044d3e6c41b"
  integrity sha512-mCxBlsHFYh9C+HVpiEacem8FEBnMXgU9gy4zmNC+SXAZNB/1idgp/aulFJ4FgCi7GPEVbfyng092GqL2k2rmow==

fsevents@2.3.2:
  version "2.3.2"
  resolved "https://registry.yarnpkg.com/fsevents/-/fsevents-2.3.2.tgz#8a526f78b8fdf4623b709e0b975c52c24c02fd1a"
  integrity sha512-xiqMQR4xAeHTuB9uWm+fFRcIOgKBMiOBP+eXiyT7jsgVCq1bkVygt00oASowB7EdtpOHaaPgKt812P9ab+DDKA==

is-buffer@~1.1.6:
  version "1.1.6"
  resolved "https://registry.yarnpkg.com/is-buffer/-/is-buffer-1.1.6.tgz#efaa2ea9daa0d7ab2ea13a97b2b8ad51fefbe8be"
  integrity sha512-NcdALwpXkTm5Zvvbk7owOUSvVvBKDgKP5/ewfXEznmQFfs4ZRmanOeKBTjRVjka3QFoN6XJ+9F3USqfHqTaU5w==

md5@^2.3.0:
  version "2.3.0"
  resolved "https://registry.yarnpkg.com/md5/-/md5-2.3.0.tgz#c3da9a6aae3a30b46b7b0c349b87b110dc3bda4f"
  integrity sha512-T1GITYmFaKuO91vxyoQMFETst+O71VUPEU3ze5GNzDm0OWdP8v1ziTaAEPUr/3kLsY3Sftgz242A1SetQiDL7g==
  dependencies:
    charenc "0.0.2"
    crypt "0.0.2"
    is-buffer "~1.1.6"

mustache@^4.0.1:
  version "4.2.0"
  resolved "https://registry.yarnpkg.com/mustache/-/mustache-4.2.0.tgz#e5892324d60a12ec9c2a73359edca52972bf6f64"
  integrity sha512-71ippSywq5Yb7/tVYyGbkBggbU8H3u5Rz56fH60jGFgr8uHwxs+aSKeqmluIVzM0m0kB7xQjKS6qPfd0b2ZoqQ==

playwright-core@1.59.1:
  version "1.59.1"
  resolved "https://registry.yarnpkg.com/playwright-core/-/playwright-core-1.59.1.tgz#d8a2b28bcb8f2bd08ef3df93b02ae83c813244b2"
  integrity sha512-HBV/RJg81z5BiiZ9yPzIiClYV/QMsDCKUyogwH9p3MCP6IYjUFu/MActgYAvK0oWyV9NlwM3GLBjADyWgydVyg==

playwright@1.59.1:
  version "1.59.1"
  resolved "https://registry.yarnpkg.com/playwright/-/playwright-1.59.1.tgz#f7b0ca61637ae25264cec370df671bbe1f368a4a"
  integrity sha512-C8oWjPR3F81yljW9o5OxcWzfh6avkVwDD2VYdwIGqTkl+OGFISgypqzfu7dOe4QNLL2aqcWBmI3PMtLIK233lw==
  dependencies:
    playwright-core "1.59.1"
  optionalDependencies:
    fsevents "2.3.2"

undici-types@~7.19.0:
  version "7.19.2"
  resolved "https://registry.yarnpkg.com/undici-types/-/undici-types-7.19.2.tgz#1b67fc26d0f157a0cba3a58a5b5c1e2276b8ba2a"
  integrity sha512-qYVnV5OEm2AW8cJMCpdV20CDyaN3g0AjDlOGf1OW4iaDEx8MwdtChUp4zu4H0VP3nDRF/8RKWH+IPp9uW0YGZg==
